// !$*UTF8*$!
{
	archiveVersion = 1;
	classes = {
	};
	objectVersion = 56;
	objects = {

/* Begin PBXBuildFile section */
		1B698B032A03ECD900657782 /* AppDelegate.swift in Sources */ = {isa = PBXBuildFile; fileRef = 1B698B022A03ECD900657782 /* AppDelegate.swift */; };
		1B698B052A03ECD900657782 /* SceneDelegate.swift in Sources */ = {isa = PBXBuildFile; fileRef = 1B698B042A03ECD900657782 /* SceneDelegate.swift */; };
		1B698B072A03ECD900657782 /* ViewController.swift in Sources */ = {isa = PBXBuildFile; fileRef = 1B698B062A03ECD900657782 /* ViewController.swift */; };
		1B698B0A2A03ECD900657782 /* Main.storyboard in Resources */ = {isa = PBXBuildFile; fileRef = 1B698B082A03ECD900657782 /* Main.storyboard */; };
		1B698B0C2A03ECDA00657782 /* Assets.xcassets in Resources */ = {isa = PBXBuildFile; fileRef = 1B698B0B2A03ECDA00657782 /* Assets.xcassets */; };
		1B698B0F2A03ECDA00657782 /* LaunchScreen.storyboard in Resources */ = {isa = PBXBuildFile; fileRef = 1B698B0D2A03ECDA00657782 /* LaunchScreen.storyboard */; };
		1B698B172A03FCE900657782 /* MovieModel.swift in Sources */ = {isa = PBXBuildFile; fileRef = 1B698B162A03FCE900657782 /* MovieModel.swift */; };
		719120A3EEDC83F37E9E0C88 /* Pods_MovieSearcherAlamofire.framework in Frameworks */ = {isa = PBXBuildFile; fileRef = 719B29F966AAFC47F29DE54B /* Pods_MovieSearcherAlamofire.framework */; };
/* End PBXBuildFile section */

/* Begin PBXFileReference section */
		1B698AFF2A03ECD900657782 /* MovieSearcherAlamofire.app */ = {isa = PBXFileReference; explicitFileType = wrapper.application; includeInIndex = 0; path = MovieSearcherAlamofire.app; sourceTree = BUILT_PRODUCTS_DIR; };
		1B698B022A03ECD900657782 /* AppDelegate.swift */ = {isa = PBXFileReference; lastKnownFileType = sourcecode.swift; path = AppDelegate.swift; sourceTree = "<group>"; };
		1B698B042A03ECD900657782 /* SceneDelegate.swift */ = {isa = PBXFileReference; lastKnownFileType = sourcecode.swift; path = SceneDelegate.swift; sourceTree = "<group>"; };
		1B698B062A03ECD900657782 /* ViewController.swift */ = {isa = PBXFileReference; lastKnownFileType = sourcecode.swift; path = ViewController.swift; sourceTree = "<group>"; };
		1B698B092A03ECD900657782 /* Base */ = {isa = PBXFileReference; lastKnownFileType = file.storyboard; name = Base; path = Base.lproj/Main.storyboard; sourceTree = "<group>"; };
		1B698B0B2A03ECDA00657782 /* Assets.xcassets */ = {isa = PBXFileReference; lastKnownFileType = folder.assetcatalog; path = Assets.xcassets; sourceTree = "<group>"; };
		1B698B0E2A03ECDA00657782 /* Base */ = {isa = PBXFileReference; lastKnownFileType = file.storyboard; name = Base; path = Base.lproj/LaunchScreen.storyboard; sourceTree = "<group>"; };
		1B698B102A03ECDA00657782 /* Info.plist */ = {isa = PBXFileReference; lastKnownFileType = text.plist.xml; path = Info.plist; sourceTree = "<group>"; };
		1B698B162A03FCE900657782 /* MovieModel.swift */ = {isa = PBXFileReference; lastKnownFileType = sourcecode.swift; path = MovieModel.swift; sourceTree = "<group>"; };
		23EB70B02382612F8E5E7FD7 /* Pods-MovieSearcherAlamofire.release.xcconfig */ = {isa = PBXFileReference; includeInIndex = 1; lastKnownFileType = text.xcconfig; name = "Pods-MovieSearcherAlamofire.release.xcconfig"; path = "Target Support Files/Pods-MovieSearcherAlamofire/Pods-MovieSearcherAlamofire.release.xcconfig"; sourceTree = "<group>"; };
		719B29F966AAFC47F29DE54B /* Pods_MovieSearcherAlamofire.framework */ = {isa = PBXFileReference; explicitFileType = wrapper.framework; includeInIndex = 0; path = Pods_MovieSearcherAlamofire.framework; sourceTree = BUILT_PRODUCTS_DIR; };
		E9F28ADCDF3745628F4C2729 /* Pods-MovieSearcherAlamofire.debug.xcconfig */ = {isa = PBXFileReference; includeInIndex = 1; lastKnownFileType = text.xcconfig; name = "Pods-MovieSearcherAlamofire.debug.xcconfig"; path = "Target Support Files/Pods-MovieSearcherAlamofire/Pods-MovieSearcherAlamofire.debug.xcconfig"; sourceTree = "<group>"; };
/* End PBXFileReference section */

/* Begin PBXFrameworksBuildPhase section */
		1B698AFC2A03ECD900657782 /* Frameworks */ = {
			isa = PBXFrameworksBuildPhase;
			buildActionMask = 2147483647;
			files = (
				719120A3EEDC83F37E9E0C88 /* Pods_MovieSearcherAlamofire.framework in Frameworks */,
			);
			runOnlyForDeploymentPostprocessing = 0;
		};
/* End PBXFrameworksBuildPhase section */

/* Begin PBXGroup section */
		1B698AF62A03ECD900657782 = {
			isa = PBXGroup;
			children = (
				1B698B012A03ECD900657782 /* MovieSearcherAlamofire */,
				1B698B002A03ECD900657782 /* Products */,
				48575AE61FE0E743A134CA4E /* Pods */,
				4B92D8D1666E5CC20C91448B /* Frameworks */,
			);
			sourceTree = "<group>";
		};
		1B698B002A03ECD900657782 /* Products */ = {
			isa = PBXGroup;
			children = (
				1B698AFF2A03ECD900657782 /* MovieSearcherAlamofire.app */,
			);
			name = Products;
			sourceTree = "<group>";
		};
		1B698B012A03ECD900657782 /* MovieSearcherAlamofire */ = {
			isa = PBXGroup;
			children = (
				1B698B022A03ECD900657782 /* AppDelegate.swift */,
				1B698B042A03ECD900657782 /* SceneDelegate.swift */,
				1B698B062A03ECD900657782 /* ViewController.swift */,
				1B698B162A03FCE900657782 /* MovieModel.swift */,
				1B698B082A03ECD900657782 /* Main.storyboard */,
				1B698B0B2A03ECDA00657782 /* Assets.xcassets */,
				1B698B0D2A03ECDA00657782 /* LaunchScreen.storyboard */,
				1B698B102A03ECDA00657782 /* Info.plist */,
			);
			path = MovieSearcherAlamofire;
			sourceTree = "<group>";
		};
		48575AE61FE0E743A134CA4E /* Pods */ = {
			isa = PBXGroup;
			children = (
				E9F28ADCDF3745628F4C2729 /* Pods-MovieSearcherAlamofire.debug.xcconfig */,
				23EB70B02382612F8E5E7FD7 /* Pods-MovieSearcherAlamofire.release.xcconfig */,
			);
			path = Pods;
			sourceTree = "<group>";
		};
		4B92D8D1666E5CC20C91448B /* Frameworks */ = {
			isa = PBXGroup;
			children = (
				719B29F966AAFC47F29DE54B /* Pods_MovieSearcherAlamofire.framework */,
			);
			name = Frameworks;
			sourceTree = "<group>";
		};
/* End PBXGroup section */

/* Begin PBXNativeTarget section */
		1B698AFE2A03ECD900657782 /* MovieSearcherAlamofire */ = {
			isa = PBXNativeTarget;
			buildConfigurationList = 1B698B132A03ECDA00657782 /* Build configuration list for PBXNativeTarget "MovieSearcherAlamofire" */;
			buildPhases = (
				C4322A265432772B99DFDC6B /* [CP] Check Pods Manifest.lock */,
				1B698AFB2A03ECD900657782 /* Sources */,
				1B698AFC2A03ECD900657782 /* Frameworks */,
				1B698AFD2A03ECD900657782 /* Resources */,
				3DBB819DF460716953AD0F7F /* [CP] Embed Pods Frameworks */,
			);
			buildRules = (
			);
			dependencies = (
			);
			name = MovieSearcherAlamofire;
			productName = MovieSearcherAlamofire;
			productReference = 1B698AFF2A03ECD900657782 /* MovieSearcherAlamofire.app */;
			productType = "com.apple.product-type.application";
		};
/* End PBXNativeTarget section */

/* Begin PBXProject section */
		1B698AF72A03ECD900657782 /* Project object */ = {
			isa = PBXProject;
			attributes = {
				BuildIndependentTargetsInParallel = 1;
				LastSwiftUpdateCheck = 1420;
				LastUpgradeCheck = 1420;
				TargetAttributes = {
					1B698AFE2A03ECD900657782 = {
						CreatedOnToolsVersion = 14.2;
					};
				};
			};
			buildConfigurationList = 1B698AFA2A03ECD900657782 /* Build configuration list for PBXProject "MovieSearcherAlamofire" */;
			compatibilityVersion = "Xcode 14.0";
			developmentRegion = en;
			hasScannedForEncodings = 0;
			knownRegions = (
				en,
				Base,
			);
			mainGroup = 1B698AF62A03ECD900657782;
			productRefGroup = 1B698B002A03ECD900657782 /* Products */;
			projectDirPath = "";
			projectRoot = "";
			targets = (
				1B698AFE2A03ECD900657782 /* MovieSearcherAlamofire */,
			);
		};
/* End PBXProject section */

/* Begin PBXResourcesBuildPhase section */
		1B698AFD2A03ECD900657782 /* Resources */ = {
			isa = PBXResourcesBuildPhase;
			buildActionMask = 2147483647;
			files = (
				1B698B0F2A03ECDA00657782 /* LaunchScreen.storyboard in Resources */,
				1B698B0C2A03ECDA00657782 /* Assets.xcassets in Resources */,
				1B698B0A2A03ECD900657782 /* Main.storyboard in Resources */,
			);
			runOnlyForDeploymentPostprocessing = 0;
		};
/* End PBXResourcesBuildPhase section */

/* Begin PBXShellScriptBuildPhase section */
		3DBB819DF460716953AD0F7F /* [CP] Embed Pods Frameworks */ = {
			isa = PBXShellScriptBuildPhase;
			buildActionMask = 2147483647;
			files = (
			);
			inputFileListPaths = (
				"${PODS_ROOT}/Target Support Files/Pods-MovieSearcherAlamofire/Pods-MovieSearcherAlamofire-frameworks-${CONFIGURATION}-input-files.xcfilelist",
			);
			name = "[CP] Embed Pods Frameworks";
			outputFileListPaths = (
				"${PODS_ROOT}/Target Support Files/Pods-MovieSearcherAlamofire/Pods-MovieSearcherAlamofire-frameworks-${CONFIGURATION}-output-files.xcfilelist",
			);
			runOnlyForDeploymentPostprocessing = 0;
			shellPath = /bin/sh;
			shellScript = "\"${PODS_ROOT}/Target Support Files/Pods-MovieSearcherAlamofire/Pods-MovieSearcherAlamofire-frameworks.sh\"\n";
			showEnvVarsInLog = 0;
		};
		C4322A265432772B99DFDC6B /* [CP] Check Pods Manifest.lock */ = {
			isa = PBXShellScriptBuildPhase;
			buildActionMask = 2147483647;
			files = (
			);
			inputFileListPaths = (
			);
			inputPaths = (
				"${PODS_PODFILE_DIR_PATH}/Podfile.lock",
				"${PODS_ROOT}/Manifest.lock",
			);
			name = "[CP] Check Pods Manifest.lock";
			outputFileListPaths = (
			);
			outputPaths = (
				"$(DERIVED_FILE_DIR)/Pods-MovieSearcherAlamofire-checkManifestLockResult.txt",
			);
			runOnlyForDeploymentPostprocessing = 0;
			shellPath = /bin/sh;
			shellScript = "diff \"${PODS_PODFILE_DIR_PATH}/Podfile.lock\" \"${PODS_ROOT}/Manifest.lock\" > /dev/null\nif [ $? != 0 ] ; then\n    # print error to STDERR\n    echo \"error: The sandbox is not in sync with the Podfile.lock. Run 'pod install' or update your CocoaPods installation.\" >&2\n    exit 1\nfi\n# This output is used by Xcode 'outputs' to avoid re-running this script phase.\necho \"SUCCESS\" > \"${SCRIPT_OUTPUT_FILE_0}\"\n";
			showEnvVarsInLog = 0;
		};
/* End PBXShellScriptBuildPhase section */

/* Begin PBXSourcesBuildPhase section */
		1B698AFB2A03ECD900657782 /* Sources */ = {
			isa = PBXSourcesBuildPhase;
			buildActionMask = 2147483647;
			files = (
				1B698B172A03FCE900657782 /* MovieModel.swift in Sources */,
				1B698B072A03ECD900657782 /* ViewController.swift in Sources */,
				1B698B032A03ECD900657782 /* AppDelegate.swift in Sources */,
				1B698B052A03ECD900657782 /* SceneDelegate.swift in Sources */,
			);
			runOnlyForDeploymentPostprocessing = 0;
		};
/* End PBXSourcesBuildPhase section */

/* Begin PBXVariantGroup section */
		1B698B082A03ECD900657782 /* Main.storyboard */ = {
			isa = PBXVariantGroup;
			children = (
				1B698B092A03ECD900657782 /* Base */,
			);
			name = Main.storyboard;
			sourceTree = "<group>";
		};
		1B698B0D2A03ECDA00657782 /* LaunchScreen.storyboard */ = {
			isa = PBXVariantGroup;
			children = (
				1B698B0E2A03ECDA00657782 /* Base */,
			);
			name = LaunchScreen.storyboard;
			sourceTree = "<group>";
		};
/* End PBXVariantGroup section */

/* Begin XCBuildConfiguration section */
		1B698B112A03ECDA00657782 /* Debug */ = {
			isa = XCBuildConfiguration;
			buildSettings = {
				ALWAYS_SEARCH_USER_PATHS = NO;
				CLANG_ANALYZER_NONNULL = YES;
				CLANG_ANALYZER_NUMBER_OBJECT_CONVERSION = YES_AGGRESSIVE;
				CLANG_CXX_LANGUAGE_STANDARD = "gnu++20";
				CLANG_ENABLE_MODULES = YES;
				CLANG_ENABLE_OBJC_ARC = YES;
				CLANG_ENABLE_OBJC_WEAK = YES;
				CLANG_WARN_BLOCK_CAPTURE_AUTORELEASING = YES;
				CLANG_WARN_BOOL_CONVERSION = YES;
				CLANG_WARN_COMMA = YES;
				CLANG_WARN_CONSTANT_CONVERSION = YES;
				CLANG_WARN_DEPRECATED_OBJC_IMPLEMENTATIONS = YES;
				CLANG_WARN_DIRECT_OBJC_ISA_USAGE = YES_ERROR;
				CLANG_WARN_DOCUMENTATION_COMMENTS = YES;
				CLANG_WARN_EMPTY_BODY = YES;
				CLANG_WARN_ENUM_CONVERSION = YES;
				CLANG_WARN_INFINITE_RECURSION = YES;
				CLANG_WARN_INT_CONVERSION = YES;
				CLANG_WARN_NON_LITERAL_NULL_CONVERSION = YES;
				CLANG_WARN_OBJC_IMPLICIT_RETAIN_SELF = YES;
				CLANG_WARN_OBJC_LITERAL_CONVERSION = YES;
				CLANG_WARN_OBJC_ROOT_CLASS = YES_ERROR;
				CLANG_WARN_QUOTED_INCLUDE_IN_FRAMEWORK_HEADER = YES;
				CLANG_WARN_RANGE_LOOP_ANALYSIS = YES;
				CLANG_WARN_STRICT_PROTOTYPES = YES;
				CLANG_WARN_SUSPICIOUS_MOVE = YES;
				CLANG_WARN_UNGUARDED_AVAILABILITY = YES_AGGRESSIVE;
				CLANG_WARN_UNREACHABLE_CODE = YES;
				CLANG_WARN__DUPLICATE_METHOD_MATCH = YES;
				COPY_PHASE_STRIP = NO;
				DEBUG_INFORMATION_FORMAT = dwarf;
				ENABLE_STRICT_OBJC_MSGSEND = YES;
				ENABLE_TESTABILITY = YES;
				GCC_C_LANGUAGE_STANDARD = gnu11;
				GCC_DYNAMIC_NO_PIC = NO;
				GCC_NO_COMMON_BLOCKS = YES;
				GCC_OPTIMIZATION_LEVEL = 0;
				GCC_PREPROCESSOR_DEFINITIONS = (
					"DEBUG=1",
					"$(inherited)",
				);
				GCC_WARN_64_TO_32_BIT_CONVERSION = YES;
				GCC_WARN_ABOUT_RETURN_TYPE = YES_ERROR;
				GCC_WARN_UNDECLARED_SELECTOR = YES;
				GCC_WARN_UNINITIALIZED_AUTOS = YES_AGGRESSIVE;
				GCC_WARN_UNUSED_FUNCTION = YES;
				GCC_WARN_UNUSED_VARIABLE = YES;
				IPHONEOS_DEPLOYMENT_TARGET = 16.2;
				MTL_ENABLE_DEBUG_INFO = INCLUDE_SOURCE;
				MTL_FAST_MATH = YES;
				ONLY_ACTIVE_ARCH = YES;
				SDKROOT = iphoneos;
				SWIFT_ACTIVE_COMPILATION_CONDITIONS = DEBUG;
				SWIFT_OPTIMIZATION_LEVEL = "-Onone";
			};
			name = Debug;
		};
		1B698B122A03ECDA00657782 /* Release */ = {
			isa = XCBuildConfiguration;
			buildSettings = {
				ALWAYS_SEARCH_USER_PATHS = NO;
				CLANG_ANALYZER_NONNULL = YES;
				CLANG_ANALYZER_NUMBER_OBJECT_CONVERSION = YES_AGGRESSIVE;
				CLANG_CXX_LANGUAGE_STANDARD = "gnu++20";
				CLANG_ENABLE_MODULES = YES;
				CLANG_ENABLE_OBJC_ARC = YES;
				CLANG_ENABLE_OBJC_WEAK = YES;
				CLANG_WARN_BLOCK_CAPTURE_AUTORELEASING = YES;
				CLANG_WARN_BOOL_CONVERSION = YES;
				CLANG_WARN_COMMA = YES;
				CLANG_WARN_CONSTANT_CONVERSION = YES;
				CLANG_WARN_DEPRECATED_OBJC_IMPLEMENTATIONS = YES;
				CLANG_WARN_DIRECT_OBJC_ISA_USAGE = YES_ERROR;
				CLANG_WARN_DOCUMENTATION_COMMENTS = YES;
				CLANG_WARN_EMPTY_BODY = YES;
				CLANG_WARN_ENUM_CONVERSION = YES;
				CLANG_WARN_INFINITE_RECURSION = YES;
				CLANG_WARN_INT_CONVERSION = YES;
				CLANG_WARN_NON_LITERAL_NULL_CONVERSION = YES;
				CLANG_WARN_OBJC_IMPLICIT_RETAIN_SELF = YES;
				CLANG_WARN_OBJC_LITERAL_CONVERSION = YES;
				CLANG_WARN_OBJC_ROOT_CLASS = YES_ERROR;
				CLANG_WARN_QUOTED_INCLUDE_IN_FRAMEWORK_HEADER = YES;
				CLANG_WARN_RANGE_LOOP_ANALYSIS = YES;
				CLANG_WARN_STRICT_PROTOTYPES = YES;
				CLANG_WARN_SUSPICIOUS_MOVE = YES;
				CLANG_WARN_UNGUARDED_AVAILABILITY = YES_AGGRESSIVE;
				CLANG_WARN_UNREACHABLE_CODE = YES;
				CLANG_WARN__DUPLICATE_METHOD_MATCH = YES;
				COPY_PHASE_STRIP = NO;
				DEBUG_INFORMATION_FORMAT = "dwarf-with-dsym";
				ENABLE_NS_ASSERTIONS = NO;
				ENABLE_STRICT_OBJC_MSGSEND = YES;
				GCC_C_LANGUAGE_STANDARD = gnu11;
				GCC_NO_COMMON_BLOCKS = YES;
				GCC_WARN_64_TO_32_BIT_CONVERSION = YES;
				GCC_WARN_ABOUT_RETURN_TYPE = YES_ERROR;
				GCC_WARN_UNDECLARED_SELECTOR = YES;
				GCC_WARN_UNINITIALIZED_AUTOS = YES_AGGRESSIVE;
				GCC_WARN_UNUSED_FUNCTION = YES;
				GCC_WARN_UNUSED_VARIABLE = YES;
				IPHONEOS_DEPLOYMENT_TARGET = 16.2;
				MTL_ENABLE_DEBUG_INFO = NO;
				MTL_FAST_MATH = YES;
				SDKROOT = iphoneos;
				SWIFT_COMPILATION_MODE = wholemodule;
				SWIFT_OPTIMIZATION_LEVEL = "-O";
				VALIDATE_PRODUCT = YES;
			};
			name = Release;
		};
		1B698B142A03ECDA00657782 /* Debug */ = {
			isa = XCBuildConfiguration;
			baseConfigurationReference = E9F28ADCDF3745628F4C2729 /* Pods-MovieSearcherAlamofire.debug.xcconfig */;
			buildSettings = {
				ASSETCATALOG_COMPILER_APPICON_NAME = AppIcon;
				ASSETCATALOG_COMPILER_GLOBAL_ACCENT_COLOR_NAME = AccentColor;
				CODE_SIGN_STYLE = Automatic;
				CURRENT_PROJECT_VERSION = 1;
				DEVELOPMENT_TEAM = J6CUZWGRA6;
				GENERATE_INFOPLIST_FILE = YES;
				INFOPLIST_FILE = MovieSearcherAlamofire/Info.plist;
				INFOPLIST_KEY_UIApplicationSupportsIndirectInputEvents = YES;
				INFOPLIST_KEY_UILaunchStoryboardName = LaunchScreen;
				INFOPLIST_KEY_UIMainStoryboardFile = Main;
				INFOPLIST_KEY_UISupportedInterfaceOrientations_iPad = "UIInterfaceOrientationPortrait UIInterfaceOrientationPortraitUpsideDown UIInterfaceOrientationLandscapeLeft UIInterfaceOrientationLandscapeRight";
				INFOPLIST_KEY_UISupportedInterfaceOrientations_iPhone = "UIInterfaceOrientationPortrait UIInterfaceOrientationLandscapeLeft UIInterfaceOrientationLandscapeRight";
				LD_RUNPATH_SEARCH_PATHS = (
					"$(inherited)",
					"@executable_path/Frameworks",
				);
				MARKETING_VERSION = 1.0;
				PRODUCT_BUNDLE_IDENTIFIER = com.nancy.MovieSearcherAlamofire;
				PRODUCT_NAME = "$(TARGET_NAME)";
				SWIFT_EMIT_LOC_STRINGS = YES;
				SWIFT_VERSION = 5.0;
				TARGETED_DEVICE_FAMILY = "1,2";
			};
			name = Debug;
		};
		1B698B152A03ECDA00657782 /* Release */ = {
			isa = XCBuildConfiguration;
			baseConfigurationReference = 23EB70B02382612F8E5E7FD7 /* Pods-MovieSearcherAlamofire.release.xcconfig */;
			buildSettings = {
				ASSETCATALOG_COMPILER_APPICON_NAME = AppIcon;
				ASSETCATALOG_COMPILER_GLOBAL_ACCENT_COLOR_NAME = AccentColor;
				CODE_SIGN_STYLE = Automatic;
				CURRENT_PROJECT_VERSION = 1;
				DEVELOPMENT_TEAM = J6CUZWGRA6;
				GENERATE_INFOPLIST_FILE = YES;
				INFOPLIST_FILE = MovieSearcherAlamofire/Info.plist;
				INFOPLIST_KEY_UIApplicationSupportsIndirectInputEvents = YES;
				INFOPLIST_KEY_UILaunchStoryboardName = LaunchScreen;
				INFOPLIST_KEY_UIMainStoryboardFile = Main;
				INFOPLIST_KEY_UISupportedInterfaceOrientations_iPad = "UIInterfaceOrientationPortrait UIInterfaceOrientationPortraitUpsideDown UIInterfaceOrientationLandscapeLeft UIInterfaceOrientationLandscapeRight";
				INFOPLIST_KEY_UISupportedInterfaceOrientations_iPhone = "UIInterfaceOrientationPortrait UIInterfaceOrientationLandscapeLeft UIInterfaceOrientationLandscapeRight";
				LD_RUNPATH_SEARCH_PATHS = (
					"$(inherited)",
					"@executable_path/Frameworks",
				);
				MARKETING_VERSION = 1.0;
				PRODUCT_BUNDLE_IDENTIFIER = com.nancy.MovieSearcherAlamofire;
				PRODUCT_NAME = "$(TARGET_NAME)";
				SWIFT_EMIT_LOC_STRINGS = YES;
				SWIFT_VERSION = 5.0;
				TARGETED_DEVICE_FAMILY = "1,2";
			};
			name = Release;
		};
/* End XCBuildConfiguration section */

/* Begin XCConfigurationList section */
		1B698AFA2A03ECD900657782 /* Build configuration list for PBXProject "MovieSearcherAlamofire" */ = {
			isa = XCConfigurationList;
			buildConfigurations = (
				1B698B112A03ECDA00657782 /* Debug */,
				1B698B122A03ECDA00657782 /* Release */,
			);
			defaultConfigurationIsVisible = 0;
			defaultConfigurationName = Release;
		};
		1B698B132A03ECDA00657782 /* Build configuration list for PBXNativeTarget "MovieSearcherAlamofire" */ = {
			isa = XCConfigurationList;
			buildConfigurations = (
				1B698B142A03ECDA00657782 /* Debug */,
				1B698B152A03ECDA00657782 /* Release */,
			);
			defaultConfigurationIsVisible = 0;
			defaultConfigurationName = Release;
		};
/* End XCConfigurationList section */
	};
	rootObject = 1B698AF72A03ECD900657782 /* Project object */;
}
